
Microsoft Visual Studio Solution File, Format Version 12.00
# Visual Studio Version 16
VisualStudioVersion = 16.0.29905.134
MinimumVisualStudioVersion = 10.0.40219.1
Project("{FAE04EC0-301F-11D3-BF4B-00C04F79EFBC}") = "TemaLab2", "TemaLab2\TemaLab2.csproj", "{261F95AC-301D-441A-983A-A3A2075736B7}"
EndProject
Global
	GlobalSection(SolutionConfigurationPlatforms) = preSolution
		Debug|Any CPU = Debug|Any CPU
		Release|Any CPU = Release|Any CPU
	EndGlobalSection
	GlobalSection(ProjectConfigurationPlatforms) = postSolution
		{261F95AC-301D-441A-983A-A3A2075736B7}.Debug|Any CPU.ActiveCfg = Debug|Any CPU
		{261F95AC-301D-441A-983A-A3A2075736B7}.Debug|Any CPU.Build.0 = Debug|Any CPU
		{261F95AC-301D-441A-983A-A3A2075736B7}.Release|Any CPU.ActiveCfg = Release|Any CPU
		{261F95AC-301D-441A-983A-A3A2075736B7}.Release|Any CPU.Build.0 = Release|Any CPU
	EndGlobalSection
	GlobalSection(SolutionProperties) = preSolution
		HideSolutionNode = FALSE
	EndGlobalSection
	GlobalSection(ExtensibilityGlobals) = postSolution
		SolutionGuid = {666D1C19-E383-402B-8F92-7972F81DDFB0}
	EndGlobalSection
EndGlobal
